
Microsoft Visual Studio Solution File, Format Version 12.00
Project("{FAE04EC0-301F-11D3-BF4B-00C04F79EFBC}") = "GetMaxAndMinFromArray", "GetMaxAndMinFromArray\GetMaxAndMinFromArray.csproj", "{9029E953-9586-488B-886F-B4ED10C28EC1}"
EndProject
Project("{FAE04EC0-301F-11D3-BF4B-00C04F79EFBC}") = "GetLimitsEngineTests", "GetLimitsEngineTests\GetLimitsEngineTests.csproj", "{B49D58D0-C98D-42C0-A2C7-D39FFDB2D5C2}"
EndProject
Global
	GlobalSection(SolutionConfigurationPlatforms) = preSolution
		Debug|Any CPU = Debug|Any CPU
		Release|Any CPU = Release|Any CPU
	EndGlobalSection
	GlobalSection(ProjectConfigurationPlatforms) = postSolution
		{9029E953-9586-488B-886F-B4ED10C28EC1}.Debug|Any CPU.ActiveCfg = Debug|Any CPU
		{9029E953-9586-488B-886F-B4ED10C28EC1}.Debug|Any CPU.Build.0 = Debug|Any CPU
		{9029E953-9586-488B-886F-B4ED10C28EC1}.Release|Any CPU.ActiveCfg = Release|Any CPU
		{9029E953-9586-488B-886F-B4ED10C28EC1}.Release|Any CPU.Build.0 = Release|Any CPU
		{B49D58D0-C98D-42C0-A2C7-D39FFDB2D5C2}.Debug|Any CPU.ActiveCfg = Debug|Any CPU
		{B49D58D0-C98D-42C0-A2C7-D39FFDB2D5C2}.Debug|Any CPU.Build.0 = Debug|Any CPU
		{B49D58D0-C98D-42C0-A2C7-D39FFDB2D5C2}.Release|Any CPU.ActiveCfg = Release|Any CPU
		{B49D58D0-C98D-42C0-A2C7-D39FFDB2D5C2}.Release|Any CPU.Build.0 = Release|Any CPU
	EndGlobalSection
EndGlobal
